// !$*UTF8*$!
{
	archiveVersion = 1;
	classes = {
	};
	objectVersion = 77;
	objects = {

/* Begin PBXBuildFile section */
		8637741A2F938062001B34B5 /* HYDocumentItem.m in Sources */ = {isa = PBXBuildFile; fileRef = 863774192F938062001B34B5 /* HYDocumentItem.m */; };
		8637741E2F9380A6001B34B5 /* HYFileManagerService.m in Sources */ = {isa = PBXBuildFile; fileRef = 8637741D2F9380A6001B34B5 /* HYFileManagerService.m */; };
		863774212F9380A6001B34B5 /* HYDocumentPreviewViewController.m in Sources */ = {isa = PBXBuildFile; fileRef = 863774202F9380A6001B34B5 /* HYDocumentPreviewViewController.m */; };
		863774232F9380A6001B34B5 /* HYDocumentListCell.m in Sources */ = {isa = PBXBuildFile; fileRef = 863774222F9380A6001B34B5 /* HYDocumentListCell.m */; };
		863774292F9388E2001B34B5 /* HYTextReaderView.m in Sources */ = {isa = PBXBuildFile; fileRef = 863774282F9388E2001B34B5 /* HYTextReaderView.m */; };
		8637742B2F9388E2001B34B5 /* HYMarkdownRenderer.m in Sources */ = {isa = PBXBuildFile; fileRef = 8637742A2F9388E2001B34B5 /* HYMarkdownRenderer.m */; };
		863774302F9395F2001B34B5 /* HYDocumentListViewController.m in Sources */ = {isa = PBXBuildFile; fileRef = 8637742E2F9395F2001B34B5 /* HYDocumentListViewController.m */; };
		863774342F94A8E3001B34B5 /* HYDocumentImportManager.m in Sources */ = {isa = PBXBuildFile; fileRef = 863774332F94A8E3001B34B5 /* HYDocumentImportManager.m */; };
		863774392F94AC77001B34B5 /* HYAsyncTaskManager.m in Sources */ = {isa = PBXBuildFile; fileRef = 863774382F94AC77001B34B5 /* HYAsyncTaskManager.m */; };
		8637743C2F94AC77001B34B5 /* HYDocumentCacheManager.m in Sources */ = {isa = PBXBuildFile; fileRef = 8637743B2F94AC77001B34B5 /* HYDocumentCacheManager.m */; };
		8637743F2F94B6B9001B34B5 /* HYExternalDocumentRouter.m in Sources */ = {isa = PBXBuildFile; fileRef = 8637743E2F94B6B9001B34B5 /* HYExternalDocumentRouter.m */; };
		863774422F94DB87001B34B5 /* HYTabPlaceholderViewController.m in Sources */ = {isa = PBXBuildFile; fileRef = 863774412F94DB87001B34B5 /* HYTabPlaceholderViewController.m */; };
		863774472F94DC14001B34B5 /* HYMainTabBarController.m in Sources */ = {isa = PBXBuildFile; fileRef = 863774452F94DC14001B34B5 /* HYMainTabBarController.m */; };
		8637744B2F94DC3C001B34B5 /* HYCustomTabBarBackgroundView.m in Sources */ = {isa = PBXBuildFile; fileRef = 8637744A2F94DC3C001B34B5 /* HYCustomTabBarBackgroundView.m */; };
		8637744E2F94DCBA001B34B5 /* HYCustomTabBarItemView.m in Sources */ = {isa = PBXBuildFile; fileRef = 8637744D2F94DCBA001B34B5 /* HYCustomTabBarItemView.m */; };
		863774512F94DD0E001B34B5 /* HYCustomTabBarView.m in Sources */ = {isa = PBXBuildFile; fileRef = 863774502F94DD0E001B34B5 /* HYCustomTabBarView.m */; };
		86DDCABB2F91492200D186B2 /* HYBaseViewController.m in Sources */ = {isa = PBXBuildFile; fileRef = 86DDCA9A2F91492200D186B2 /* HYBaseViewController.m */; };
		86DDCABE2F91492200D186B2 /* HYSettingViewController.m in Sources */ = {isa = PBXBuildFile; fileRef = 86DDCAA02F91492200D186B2 /* HYSettingViewController.m */; };
		86DDCABF2F91492200D186B2 /* UIColor+HYExtension.m in Sources */ = {isa = PBXBuildFile; fileRef = 86DDCAA52F91492200D186B2 /* UIColor+HYExtension.m */; };
		86DDCAC02F91492200D186B2 /* AppDelegate.m in Sources */ = {isa = PBXBuildFile; fileRef = 86DDCAAE2F91492200D186B2 /* AppDelegate.m */; };
		86DDCAC12F91492200D186B2 /* main.m in Sources */ = {isa = PBXBuildFile; fileRef = 86DDCAB32F91492200D186B2 /* main.m */; };
		86DDCAC22F91492200D186B2 /* SceneDelegate.m in Sources */ = {isa = PBXBuildFile; fileRef = 86DDCAB72F91492200D186B2 /* SceneDelegate.m */; };
		86DDCAC32F91492200D186B2 /* SplashScreenController.m in Sources */ = {isa = PBXBuildFile; fileRef = 86DDCAB92F91492200D186B2 /* SplashScreenController.m */; };
		86DDCAC42F91492200D186B2 /* Assets.xcassets in Resources */ = {isa = PBXBuildFile; fileRef = 86DDCAAF2F91492200D186B2 /* Assets.xcassets */; };
		86DDCAC62F91492200D186B2 /* LaunchScreen.storyboard in Resources */ = {isa = PBXBuildFile; fileRef = 86DDCAB22F91492200D186B2 /* LaunchScreen.storyboard */; };
		86DDCAC92F91492200D186B2 /* HYMacro.h in Resources */ = {isa = PBXBuildFile; fileRef = 86DDCAA22F91492200D186B2 /* HYMacro.h */; };
		86DDCB0D2F914B0300D186B2 /* MASCompositeConstraint.m in Sources */ = {isa = PBXBuildFile; fileRef = 86DDCAF32F914B0300D186B2 /* MASCompositeConstraint.m */; };
		86DDCB0E2F914B0300D186B2 /* MASConstraint.m in Sources */ = {isa = PBXBuildFile; fileRef = 86DDCAF52F914B0300D186B2 /* MASConstraint.m */; };
		86DDCB0F2F914B0300D186B2 /* MASConstraintMaker.m in Sources */ = {isa = PBXBuildFile; fileRef = 86DDCAF82F914B0300D186B2 /* MASConstraintMaker.m */; };
		86DDCB102F914B0300D186B2 /* MASLayoutConstraint.m in Sources */ = {isa = PBXBuildFile; fileRef = 86DDCAFA2F914B0300D186B2 /* MASLayoutConstraint.m */; };
		86DDCB112F914B0300D186B2 /* MASViewAttribute.m in Sources */ = {isa = PBXBuildFile; fileRef = 86DDCAFE2F914B0300D186B2 /* MASViewAttribute.m */; };
		86DDCB122F914B0300D186B2 /* MASViewConstraint.m in Sources */ = {isa = PBXBuildFile; fileRef = 86DDCB002F914B0300D186B2 /* MASViewConstraint.m */; };
		86DDCB132F914B0300D186B2 /* NSArray+MASAdditions.m in Sources */ = {isa = PBXBuildFile; fileRef = 86DDCB022F914B0300D186B2 /* NSArray+MASAdditions.m */; };
		86DDCB142F914B0300D186B2 /* NSLayoutConstraint+MASDebugAdditions.m in Sources */ = {isa = PBXBuildFile; fileRef = 86DDCB052F914B0300D186B2 /* NSLayoutConstraint+MASDebugAdditions.m */; };
		86DDCB152F914B0300D186B2 /* View+MASAdditions.m in Sources */ = {isa = PBXBuildFile; fileRef = 86DDCB072F914B0300D186B2 /* View+MASAdditions.m */; };
		86DDCB162F914B0300D186B2 /* ViewController+MASAdditions.m in Sources */ = {isa = PBXBuildFile; fileRef = 86DDCB0A2F914B0300D186B2 /* ViewController+MASAdditions.m */; };
		86DDCB1A2F914E1B00D186B2 /* HYLoadingView.m in Sources */ = {isa = PBXBuildFile; fileRef = 86DDCB192F914E1B00D186B2 /* HYLoadingView.m */; };
		86DDCB1D2F914E3D00D186B2 /* HYToastView.m in Sources */ = {isa = PBXBuildFile; fileRef = 86DDCB1C2F914E3D00D186B2 /* HYToastView.m */; };
		86DDCB202F914E5C00D186B2 /* HYEmptyView.m in Sources */ = {isa = PBXBuildFile; fileRef = 86DDCB1F2F914E5C00D186B2 /* HYEmptyView.m */; };
		86DDCB242F91554900D186B2 /* HYBaseNavigationController.m in Sources */ = {isa = PBXBuildFile; fileRef = 86DDCB232F91553E00D186B2 /* HYBaseNavigationController.m */; };
/* End PBXBuildFile section */

/* Begin PBXFileReference section */
		863774182F938062001B34B5 /* HYDocumentItem.h */ = {isa = PBXFileReference; lastKnownFileType = sourcecode.c.h; path = HYDocumentItem.h; sourceTree = "<group>"; };
		863774192F938062001B34B5 /* HYDocumentItem.m */ = {isa = PBXFileReference; lastKnownFileType = sourcecode.c.objc; path = HYDocumentItem.m; sourceTree = "<group>"; };
		8637741B2F938062001B34B5 /* HYFileManagerService.h */ = {isa = PBXFileReference; lastKnownFileType = sourcecode.c.h; path = HYFileManagerService.h; sourceTree = "<group>"; };
		8637741C2F938062001B34B5 /* HYDocumentPreviewViewController.h */ = {isa = PBXFileReference; lastKnownFileType = sourcecode.c.h; path = HYDocumentPreviewViewController.h; sourceTree = "<group>"; };
		8637741D2F9380A6001B34B5 /* HYFileManagerService.m */ = {isa = PBXFileReference; lastKnownFileType = sourcecode.c.objc; path = HYFileManagerService.m; sourceTree = "<group>"; };
		8637741F2F9380A6001B34B5 /* HYDocumentListCell.h */ = {isa = PBXFileReference; lastKnownFileType = sourcecode.c.h; path = HYDocumentListCell.h; sourceTree = "<group>"; };
		863774202F9380A6001B34B5 /* HYDocumentPreviewViewController.m */ = {isa = PBXFileReference; lastKnownFileType = sourcecode.c.objc; path = HYDocumentPreviewViewController.m; sourceTree = "<group>"; };
		863774222F9380A6001B34B5 /* HYDocumentListCell.m */ = {isa = PBXFileReference; lastKnownFileType = sourcecode.c.objc; path = HYDocumentListCell.m; sourceTree = "<group>"; };
		863774262F9388A4001B34B5 /* HYTextReaderView.h */ = {isa = PBXFileReference; lastKnownFileType = sourcecode.c.h; path = HYTextReaderView.h; sourceTree = "<group>"; };
		863774272F9388A4001B34B5 /* HYMarkdownRenderer.h */ = {isa = PBXFileReference; lastKnownFileType = sourcecode.c.h; path = HYMarkdownRenderer.h; sourceTree = "<group>"; };
		863774282F9388E2001B34B5 /* HYTextReaderView.m */ = {isa = PBXFileReference; lastKnownFileType = sourcecode.c.objc; path = HYTextReaderView.m; sourceTree = "<group>"; };
		8637742A2F9388E2001B34B5 /* HYMarkdownRenderer.m */ = {isa = PBXFileReference; lastKnownFileType = sourcecode.c.objc; path = HYMarkdownRenderer.m; sourceTree = "<group>"; };
		8637742D2F9395F2001B34B5 /* HYDocumentListViewController.h */ = {isa = PBXFileReference; lastKnownFileType = sourcecode.c.h; path = HYDocumentListViewController.h; sourceTree = "<group>"; };
		8637742E2F9395F2001B34B5 /* HYDocumentListViewController.m */ = {isa = PBXFileReference; lastKnownFileType = sourcecode.c.objc; path = HYDocumentListViewController.m; sourceTree = "<group>"; };
		863774322F94A8E3001B34B5 /* HYDocumentImportManager.h */ = {isa = PBXFileReference; lastKnownFileType = sourcecode.c.h; path = HYDocumentImportManager.h; sourceTree = "<group>"; };
		863774332F94A8E3001B34B5 /* HYDocumentImportManager.m */ = {isa = PBXFileReference; lastKnownFileType = sourcecode.c.objc; path = HYDocumentImportManager.m; sourceTree = "<group>"; };
		863774372F94AC77001B34B5 /* HYAsyncTaskManager.h */ = {isa = PBXFileReference; lastKnownFileType = sourcecode.c.h; path = HYAsyncTaskManager.h; sourceTree = "<group>"; };
		863774382F94AC77001B34B5 /* HYAsyncTaskManager.m */ = {isa = PBXFileReference; lastKnownFileType = sourcecode.c.objc; path = HYAsyncTaskManager.m; sourceTree = "<group>"; };
		8637743A2F94AC77001B34B5 /* HYDocumentCacheManager.h */ = {isa = PBXFileReference; lastKnownFileType = sourcecode.c.h; path = HYDocumentCacheManager.h; sourceTree = "<group>"; };
		8637743B2F94AC77001B34B5 /* HYDocumentCacheManager.m */ = {isa = PBXFileReference; lastKnownFileType = sourcecode.c.objc; path = HYDocumentCacheManager.m; sourceTree = "<group>"; };
		8637743D2F94B6B9001B34B5 /* HYExternalDocumentRouter.h */ = {isa = PBXFileReference; lastKnownFileType = sourcecode.c.h; path = HYExternalDocumentRouter.h; sourceTree = "<group>"; };
		8637743E2F94B6B9001B34B5 /* HYExternalDocumentRouter.m */ = {isa = PBXFileReference; lastKnownFileType = sourcecode.c.objc; path = HYExternalDocumentRouter.m; sourceTree = "<group>"; };
		863774402F94DB87001B34B5 /* HYTabPlaceholderViewController.h */ = {isa = PBXFileReference; lastKnownFileType = sourcecode.c.h; path = HYTabPlaceholderViewController.h; sourceTree = "<group>"; };
		863774412F94DB87001B34B5 /* HYTabPlaceholderViewController.m */ = {isa = PBXFileReference; lastKnownFileType = sourcecode.c.objc; path = HYTabPlaceholderViewController.m; sourceTree = "<group>"; };
		863774442F94DC14001B34B5 /* HYMainTabBarController.h */ = {isa = PBXFileReference; lastKnownFileType = sourcecode.c.h; path = HYMainTabBarController.h; sourceTree = "<group>"; };
		863774452F94DC14001B34B5 /* HYMainTabBarController.m */ = {isa = PBXFileReference; lastKnownFileType = sourcecode.c.objc; path = HYMainTabBarController.m; sourceTree = "<group>"; };
		863774492F94DC3C001B34B5 /* HYCustomTabBarBackgroundView.h */ = {isa = PBXFileReference; lastKnownFileType = sourcecode.c.h; path = HYCustomTabBarBackgroundView.h; sourceTree = "<group>"; };
		8637744A2F94DC3C001B34B5 /* HYCustomTabBarBackgroundView.m */ = {isa = PBXFileReference; lastKnownFileType = sourcecode.c.objc; path = HYCustomTabBarBackgroundView.m; sourceTree = "<group>"; };
		8637744C2F94DCBA001B34B5 /* HYCustomTabBarItemView.h */ = {isa = PBXFileReference; lastKnownFileType = sourcecode.c.h; path = HYCustomTabBarItemView.h; sourceTree = "<group>"; };
		8637744D2F94DCBA001B34B5 /* HYCustomTabBarItemView.m */ = {isa = PBXFileReference; lastKnownFileType = sourcecode.c.objc; path = HYCustomTabBarItemView.m; sourceTree = "<group>"; };
		8637744F2F94DD0E001B34B5 /* HYCustomTabBarView.h */ = {isa = PBXFileReference; lastKnownFileType = sourcecode.c.h; path = HYCustomTabBarView.h; sourceTree = "<group>"; };
		863774502F94DD0E001B34B5 /* HYCustomTabBarView.m */ = {isa = PBXFileReference; lastKnownFileType = sourcecode.c.objc; path = HYCustomTabBarView.m; sourceTree = "<group>"; };
		86C79D4E2F8FEA670026E15C /* Next Reader.app */ = {isa = PBXFileReference; explicitFileType = wrapper.application; includeInIndex = 0; path = "Next Reader.app"; sourceTree = BUILT_PRODUCTS_DIR; };
		86DDCA992F91492200D186B2 /* HYBaseViewController.h */ = {isa = PBXFileReference; lastKnownFileType = sourcecode.c.h; path = HYBaseViewController.h; sourceTree = "<group>"; };
		86DDCA9A2F91492200D186B2 /* HYBaseViewController.m */ = {isa = PBXFileReference; lastKnownFileType = sourcecode.c.objc; path = HYBaseViewController.m; sourceTree = "<group>"; };
		86DDCA9F2F91492200D186B2 /* HYSettingViewController.h */ = {isa = PBXFileReference; lastKnownFileType = sourcecode.c.h; path = HYSettingViewController.h; sourceTree = "<group>"; };
		86DDCAA02F91492200D186B2 /* HYSettingViewController.m */ = {isa = PBXFileReference; lastKnownFileType = sourcecode.c.objc; path = HYSettingViewController.m; sourceTree = "<group>"; };
		86DDCAA22F91492200D186B2 /* HYMacro.h */ = {isa = PBXFileReference; lastKnownFileType = sourcecode.c.h; path = HYMacro.h; sourceTree = "<group>"; };
		86DDCAA42F91492200D186B2 /* UIColor+HYExtension.h */ = {isa = PBXFileReference; lastKnownFileType = sourcecode.c.h; path = "UIColor+HYExtension.h"; sourceTree = "<group>"; };
		86DDCAA52F91492200D186B2 /* UIColor+HYExtension.m */ = {isa = PBXFileReference; lastKnownFileType = sourcecode.c.objc; path = "UIColor+HYExtension.m"; sourceTree = "<group>"; };
		86DDCAAD2F91492200D186B2 /* AppDelegate.h */ = {isa = PBXFileReference; lastKnownFileType = sourcecode.c.h; path = AppDelegate.h; sourceTree = "<group>"; };
		86DDCAAE2F91492200D186B2 /* AppDelegate.m */ = {isa = PBXFileReference; lastKnownFileType = sourcecode.c.objc; path = AppDelegate.m; sourceTree = "<group>"; };
		86DDCAAF2F91492200D186B2 /* Assets.xcassets */ = {isa = PBXFileReference; lastKnownFileType = folder.assetcatalog; path = Assets.xcassets; sourceTree = "<group>"; };
		86DDCAB02F91492200D186B2 /* Info.plist */ = {isa = PBXFileReference; lastKnownFileType = text.plist.xml; path = Info.plist; sourceTree = "<group>"; };
		86DDCAB12F91492200D186B2 /* Base */ = {isa = PBXFileReference; lastKnownFileType = file.storyboard; name = Base; path = Base.lproj/LaunchScreen.storyboard; sourceTree = "<group>"; };
		86DDCAB32F91492200D186B2 /* main.m */ = {isa = PBXFileReference; lastKnownFileType = sourcecode.c.objc; path = main.m; sourceTree = "<group>"; };
		86DDCAB42F91492200D186B2 /* Base */ = {isa = PBXFileReference; lastKnownFileType = file.storyboard; name = Base; path = Base.lproj/Main.storyboard; sourceTree = "<group>"; };
		86DDCAB62F91492200D186B2 /* SceneDelegate.h */ = {isa = PBXFileReference; lastKnownFileType = sourcecode.c.h; path = SceneDelegate.h; sourceTree = "<group>"; };
		86DDCAB72F91492200D186B2 /* SceneDelegate.m */ = {isa = PBXFileReference; lastKnownFileType = sourcecode.c.objc; path = SceneDelegate.m; sourceTree = "<group>"; };
		86DDCAB82F91492200D186B2 /* SplashScreenController.h */ = {isa = PBXFileReference; lastKnownFileType = sourcecode.c.h; path = SplashScreenController.h; sourceTree = "<group>"; };
		86DDCAB92F91492200D186B2 /* SplashScreenController.m */ = {isa = PBXFileReference; lastKnownFileType = sourcecode.c.objc; path = SplashScreenController.m; sourceTree = "<group>"; };
		86DDCAF22F914B0300D186B2 /* MASCompositeConstraint.h */ = {isa = PBXFileReference; lastKnownFileType = sourcecode.c.h; path = MASCompositeConstraint.h; sourceTree = "<group>"; };
		86DDCAF32F914B0300D186B2 /* MASCompositeConstraint.m */ = {isa = PBXFileReference; lastKnownFileType = sourcecode.c.objc; path = MASCompositeConstraint.m; sourceTree = "<group>"; };
		86DDCAF42F914B0300D186B2 /* MASConstraint.h */ = {isa = PBXFileReference; lastKnownFileType = sourcecode.c.h; path = MASConstraint.h; sourceTree = "<group>"; };
		86DDCAF52F914B0300D186B2 /* MASConstraint.m */ = {isa = PBXFileReference; lastKnownFileType = sourcecode.c.objc; path = MASConstraint.m; sourceTree = "<group>"; };
		86DDCAF62F914B0300D186B2 /* MASConstraint+Private.h */ = {isa = PBXFileReference; lastKnownFileType = sourcecode.c.h; path = "MASConstraint+Private.h"; sourceTree = "<group>"; };
		86DDCAF72F914B0300D186B2 /* MASConstraintMaker.h */ = {isa = PBXFileReference; lastKnownFileType = sourcecode.c.h; path = MASConstraintMaker.h; sourceTree = "<group>"; };
		86DDCAF82F914B0300D186B2 /* MASConstraintMaker.m */ = {isa = PBXFileReference; lastKnownFileType = sourcecode.c.objc; path = MASConstraintMaker.m; sourceTree = "<group>"; };
		86DDCAF92F914B0300D186B2 /* MASLayoutConstraint.h */ = {isa = PBXFileReference; lastKnownFileType = sourcecode.c.h; path = MASLayoutConstraint.h; sourceTree = "<group>"; };
		86DDCAFA2F914B0300D186B2 /* MASLayoutConstraint.m */ = {isa = PBXFileReference; lastKnownFileType = sourcecode.c.objc; path = MASLayoutConstraint.m; sourceTree = "<group>"; };
		86DDCAFB2F914B0300D186B2 /* Masonry.h */ = {isa = PBXFileReference; lastKnownFileType = sourcecode.c.h; path = Masonry.h; sourceTree = "<group>"; };
		86DDCAFC2F914B0300D186B2 /* MASUtilities.h */ = {isa = PBXFileReference; lastKnownFileType = sourcecode.c.h; path = MASUtilities.h; sourceTree = "<group>"; };
		86DDCAFD2F914B0300D186B2 /* MASViewAttribute.h */ = {isa = PBXFileReference; lastKnownFileType = sourcecode.c.h; path = MASViewAttribute.h; sourceTree = "<group>"; };
		86DDCAFE2F914B0300D186B2 /* MASViewAttribute.m */ = {isa = PBXFileReference; lastKnownFileType = sourcecode.c.objc; path = MASViewAttribute.m; sourceTree = "<group>"; };
		86DDCAFF2F914B0300D186B2 /* MASViewConstraint.h */ = {isa = PBXFileReference; lastKnownFileType = sourcecode.c.h; path = MASViewConstraint.h; sourceTree = "<group>"; };
		86DDCB002F914B0300D186B2 /* MASViewConstraint.m */ = {isa = PBXFileReference; lastKnownFileType = sourcecode.c.objc; path = MASViewConstraint.m; sourceTree = "<group>"; };
		86DDCB012F914B0300D186B2 /* NSArray+MASAdditions.h */ = {isa = PBXFileReference; lastKnownFileType = sourcecode.c.h; path = "NSArray+MASAdditions.h"; sourceTree = "<group>"; };
		86DDCB022F914B0300D186B2 /* NSArray+MASAdditions.m */ = {isa = PBXFileReference; lastKnownFileType = sourcecode.c.objc; path = "NSArray+MASAdditions.m"; sourceTree = "<group>"; };
		86DDCB032F914B0300D186B2 /* NSArray+MASShorthandAdditions.h */ = {isa = PBXFileReference; lastKnownFileType = sourcecode.c.h; path = "NSArray+MASShorthandAdditions.h"; sourceTree = "<group>"; };
		86DDCB042F914B0300D186B2 /* NSLayoutConstraint+MASDebugAdditions.h */ = {isa = PBXFileReference; lastKnownFileType = sourcecode.c.h; path = "NSLayoutConstraint+MASDebugAdditions.h"; sourceTree = "<group>"; };
		86DDCB052F914B0300D186B2 /* NSLayoutConstraint+MASDebugAdditions.m */ = {isa = PBXFileReference; lastKnownFileType = sourcecode.c.objc; path = "NSLayoutConstraint+MASDebugAdditions.m"; sourceTree = "<group>"; };
		86DDCB062F914B0300D186B2 /* View+MASAdditions.h */ = {isa = PBXFileReference; lastKnownFileType = sourcecode.c.h; path = "View+MASAdditions.h"; sourceTree = "<group>"; };
		86DDCB072F914B0300D186B2 /* View+MASAdditions.m */ = {isa = PBXFileReference; lastKnownFileType = sourcecode.c.objc; path = "View+MASAdditions.m"; sourceTree = "<group>"; };
		86DDCB082F914B0300D186B2 /* View+MASShorthandAdditions.h */ = {isa = PBXFileReference; lastKnownFileType = sourcecode.c.h; path = "View+MASShorthandAdditions.h"; sourceTree = "<group>"; };
		86DDCB092F914B0300D186B2 /* ViewController+MASAdditions.h */ = {isa = PBXFileReference; lastKnownFileType = sourcecode.c.h; path = "ViewController+MASAdditions.h"; sourceTree = "<group>"; };
		86DDCB0A2F914B0300D186B2 /* ViewController+MASAdditions.m */ = {isa = PBXFileReference; lastKnownFileType = sourcecode.c.objc; path = "ViewController+MASAdditions.m"; sourceTree = "<group>"; };
		86DDCB182F914E1B00D186B2 /* HYLoadingView.h */ = {isa = PBXFileReference; lastKnownFileType = sourcecode.c.h; path = HYLoadingView.h; sourceTree = "<group>"; };
		86DDCB192F914E1B00D186B2 /* HYLoadingView.m */ = {isa = PBXFileReference; lastKnownFileType = sourcecode.c.objc; path = HYLoadingView.m; sourceTree = "<group>"; };
		86DDCB1B2F914E3D00D186B2 /* HYToastView.h */ = {isa = PBXFileReference; lastKnownFileType = sourcecode.c.h; path = HYToastView.h; sourceTree = "<group>"; };
		86DDCB1C2F914E3D00D186B2 /* HYToastView.m */ = {isa = PBXFileReference; lastKnownFileType = sourcecode.c.objc; path = HYToastView.m; sourceTree = "<group>"; };
		86DDCB1E2F914E5C00D186B2 /* HYEmptyView.h */ = {isa = PBXFileReference; lastKnownFileType = sourcecode.c.h; path = HYEmptyView.h; sourceTree = "<group>"; };
		86DDCB1F2F914E5C00D186B2 /* HYEmptyView.m */ = {isa = PBXFileReference; lastKnownFileType = sourcecode.c.objc; path = HYEmptyView.m; sourceTree = "<group>"; };
		86DDCB212F914FD900D186B2 /* PrefixHeader.pch */ = {isa = PBXFileReference; lastKnownFileType = sourcecode.c.h; path = PrefixHeader.pch; sourceTree = "<group>"; };
		86DDCB222F91553B00D186B2 /* HYBaseNavigationController.h */ = {isa = PBXFileReference; lastKnownFileType = sourcecode.c.h; path = HYBaseNavigationController.h; sourceTree = "<group>"; };
		86DDCB232F91553E00D186B2 /* HYBaseNavigationController.m */ = {isa = PBXFileReference; lastKnownFileType = sourcecode.c.objc; path = HYBaseNavigationController.m; sourceTree = "<group>"; };
/* End PBXFileReference section */

/* Begin PBXFrameworksBuildPhase section */
		86C79D4B2F8FEA670026E15C /* Frameworks */ = {
			isa = PBXFrameworksBuildPhase;
			buildActionMask = 2147483647;
			files = (
			);
			runOnlyForDeploymentPostprocessing = 0;
		};
/* End PBXFrameworksBuildPhase section */

/* Begin PBXGroup section */
		863774122F938035001B34B5 /* File */ = {
			isa = PBXGroup;
			children = (
				8637741B2F938062001B34B5 /* HYFileManagerService.h */,
				8637741D2F9380A6001B34B5 /* HYFileManagerService.m */,
			);
			path = File;
			sourceTree = "<group>";
		};
		863774132F938038001B34B5 /* DocumentList */ = {
			isa = PBXGroup;
			children = (
				8637742F2F9395F2001B34B5 /* Controller */,
				863774152F93803B001B34B5 /* Model */,
				863774162F93803C001B34B5 /* View */,
			);
			path = DocumentList;
			sourceTree = "<group>";
		};
		863774142F938038001B34B5 /* DocumentPreview */ = {
			isa = PBXGroup;
			children = (
				863774172F93803C001B34B5 /* Controller */,
				863774242F93889D001B34B5 /* View */,
				863774252F93889D001B34B5 /* Utils */,
			);
			path = DocumentPreview;
			sourceTree = "<group>";
		};
		863774152F93803B001B34B5 /* Model */ = {
			isa = PBXGroup;
			children = (
				863774182F938062001B34B5 /* HYDocumentItem.h */,
				863774192F938062001B34B5 /* HYDocumentItem.m */,
			);
			path = Model;
			sourceTree = "<group>";
		};
		863774162F93803C001B34B5 /* View */ = {
			isa = PBXGroup;
			children = (
				8637741F2F9380A6001B34B5 /* HYDocumentListCell.h */,
				863774222F9380A6001B34B5 /* HYDocumentListCell.m */,
			);
			path = View;
			sourceTree = "<group>";
		};
		863774172F93803C001B34B5 /* Controller */ = {
			isa = PBXGroup;
			children = (
				8637741C2F938062001B34B5 /* HYDocumentPreviewViewController.h */,
				863774202F9380A6001B34B5 /* HYDocumentPreviewViewController.m */,
			);
			path = Controller;
			sourceTree = "<group>";
		};
		863774242F93889D001B34B5 /* View */ = {
			isa = PBXGroup;
			children = (
				863774262F9388A4001B34B5 /* HYTextReaderView.h */,
				863774282F9388E2001B34B5 /* HYTextReaderView.m */,
			);
			path = View;
			sourceTree = "<group>";
		};
		863774252F93889D001B34B5 /* Utils */ = {
			isa = PBXGroup;
			children = (
				863774272F9388A4001B34B5 /* HYMarkdownRenderer.h */,
				8637742A2F9388E2001B34B5 /* HYMarkdownRenderer.m */,
			);
			path = Utils;
			sourceTree = "<group>";
		};
		8637742F2F9395F2001B34B5 /* Controller */ = {
			isa = PBXGroup;
			children = (
				8637742D2F9395F2001B34B5 /* HYDocumentListViewController.h */,
				8637742E2F9395F2001B34B5 /* HYDocumentListViewController.m */,
			);
			path = Controller;
			sourceTree = "<group>";
		};
		863774312F94A8CE001B34B5 /* Import */ = {
			isa = PBXGroup;
			children = (
				863774322F94A8E3001B34B5 /* HYDocumentImportManager.h */,
				863774332F94A8E3001B34B5 /* HYDocumentImportManager.m */,
			);
			path = Import;
			sourceTree = "<group>";
		};
		863774352F94AC55001B34B5 /* Async */ = {
			isa = PBXGroup;
			children = (
				863774372F94AC77001B34B5 /* HYAsyncTaskManager.h */,
				863774382F94AC77001B34B5 /* HYAsyncTaskManager.m */,
			);
			path = Async;
			sourceTree = "<group>";
		};
		863774362F94AC55001B34B5 /* Cache */ = {
			isa = PBXGroup;
			children = (
				8637743A2F94AC77001B34B5 /* HYDocumentCacheManager.h */,
				8637743B2F94AC77001B34B5 /* HYDocumentCacheManager.m */,
			);
			path = Cache;
			sourceTree = "<group>";
		};
		863774462F94DC14001B34B5 /* TabbarController */ = {
			isa = PBXGroup;
			children = (
				863774482F94DC2C001B34B5 /* View */,
				863774522F94E4F3001B34B5 /* Controller */,
			);
			path = TabbarController;
			sourceTree = "<group>";
		};
		863774482F94DC2C001B34B5 /* View */ = {
			isa = PBXGroup;
			children = (
				863774492F94DC3C001B34B5 /* HYCustomTabBarBackgroundView.h */,
				8637744A2F94DC3C001B34B5 /* HYCustomTabBarBackgroundView.m */,
				8637744C2F94DCBA001B34B5 /* HYCustomTabBarItemView.h */,
				8637744D2F94DCBA001B34B5 /* HYCustomTabBarItemView.m */,
				8637744F2F94DD0E001B34B5 /* HYCustomTabBarView.h */,
				863774502F94DD0E001B34B5 /* HYCustomTabBarView.m */,
			);
			path = View;
			sourceTree = "<group>";
		};
		863774522F94E4F3001B34B5 /* Controller */ = {
			isa = PBXGroup;
			children = (
				863774442F94DC14001B34B5 /* HYMainTabBarController.h */,
				863774452F94DC14001B34B5 /* HYMainTabBarController.m */,
			);
			path = Controller;
			sourceTree = "<group>";
		};
		86C79D452F8FEA670026E15C = {
			isa = PBXGroup;
			children = (
				86DDCB0C2F914B0300D186B2 /* SDK */,
				86DDCABA2F91492200D186B2 /* Next Reader */,
				86C79D4F2F8FEA670026E15C /* Products */,
			);
			sourceTree = "<group>";
		};
		86C79D4F2F8FEA670026E15C /* Products */ = {
			isa = PBXGroup;
			children = (
				86C79D4E2F8FEA670026E15C /* Next Reader.app */,
			);
			name = Products;
			sourceTree = "<group>";
		};
		86DDCAA12F91492200D186B2 /* Controller */ = {
			isa = PBXGroup;
			children = (
				86DDCA992F91492200D186B2 /* HYBaseViewController.h */,
				86DDCA9A2F91492200D186B2 /* HYBaseViewController.m */,
				86DDCB222F91553B00D186B2 /* HYBaseNavigationController.h */,
				86DDCB232F91553E00D186B2 /* HYBaseNavigationController.m */,
				86DDCA9F2F91492200D186B2 /* HYSettingViewController.h */,
				86DDCAA02F91492200D186B2 /* HYSettingViewController.m */,
			);
			path = Controller;
			sourceTree = "<group>";
		};
		86DDCAA62F91492200D186B2 /* Macro */ = {
			isa = PBXGroup;
			children = (
				86DDCAA22F91492200D186B2 /* HYMacro.h */,
				86DDCAA42F91492200D186B2 /* UIColor+HYExtension.h */,
				86DDCAA52F91492200D186B2 /* UIColor+HYExtension.m */,
			);
			path = Macro;
			sourceTree = "<group>";
		};
		86DDCAA72F91492200D186B2 /* View */ = {
			isa = PBXGroup;
			children = (
				86DDCB1B2F914E3D00D186B2 /* HYToastView.h */,
				86DDCB1C2F914E3D00D186B2 /* HYToastView.m */,
				86DDCB182F914E1B00D186B2 /* HYLoadingView.h */,
				86DDCB192F914E1B00D186B2 /* HYLoadingView.m */,
				86DDCB1E2F914E5C00D186B2 /* HYEmptyView.h */,
				86DDCB1F2F914E5C00D186B2 /* HYEmptyView.m */,
			);
			path = View;
			sourceTree = "<group>";
		};
		86DDCAA82F91492200D186B2 /* Base */ = {
			isa = PBXGroup;
			children = (
				86DDCAA12F91492200D186B2 /* Controller */,
				86DDCAA62F91492200D186B2 /* Macro */,
				86DDCAA72F91492200D186B2 /* View */,
			);
			path = Base;
			sourceTree = "<group>";
		};
		86DDCAA92F91492200D186B2 /* Modules */ = {
			isa = PBXGroup;
			children = (
				863774462F94DC14001B34B5 /* TabbarController */,
				863774132F938038001B34B5 /* DocumentList */,
				863774142F938038001B34B5 /* DocumentPreview */,
				863774402F94DB87001B34B5 /* HYTabPlaceholderViewController.h */,
				863774412F94DB87001B34B5 /* HYTabPlaceholderViewController.m */,
			);
			path = Modules;
			sourceTree = "<group>";
		};
		86DDCAAA2F91492200D186B2 /* Utils */ = {
			isa = PBXGroup;
			children = (
				8637743D2F94B6B9001B34B5 /* HYExternalDocumentRouter.h */,
				8637743E2F94B6B9001B34B5 /* HYExternalDocumentRouter.m */,
			);
			path = Utils;
			sourceTree = "<group>";
		};
		86DDCAAC2F91492200D186B2 /* Services */ = {
			isa = PBXGroup;
			children = (
				863774122F938035001B34B5 /* File */,
				863774312F94A8CE001B34B5 /* Import */,
				863774352F94AC55001B34B5 /* Async */,
				863774362F94AC55001B34B5 /* Cache */,
			);
			path = Services;
			sourceTree = "<group>";
		};
		86DDCABA2F91492200D186B2 /* Next Reader */ = {
			isa = PBXGroup;
			children = (
				86DDCAA82F91492200D186B2 /* Base */,
				86DDCAA92F91492200D186B2 /* Modules */,
				86DDCAAC2F91492200D186B2 /* Services */,
				86DDCAAA2F91492200D186B2 /* Utils */,
				86DDCAAD2F91492200D186B2 /* AppDelegate.h */,
				86DDCAAE2F91492200D186B2 /* AppDelegate.m */,
				86DDCAAF2F91492200D186B2 /* Assets.xcassets */,
				86DDCAB02F91492200D186B2 /* Info.plist */,
				86DDCB212F914FD900D186B2 /* PrefixHeader.pch */,
				86DDCAB22F91492200D186B2 /* LaunchScreen.storyboard */,
				86DDCAB32F91492200D186B2 /* main.m */,
				86DDCAB52F91492200D186B2 /* Main.storyboard */,
				86DDCAB62F91492200D186B2 /* SceneDelegate.h */,
				86DDCAB72F91492200D186B2 /* SceneDelegate.m */,
				86DDCAB82F91492200D186B2 /* SplashScreenController.h */,
				86DDCAB92F91492200D186B2 /* SplashScreenController.m */,
			);
			path = "Next Reader";
			sourceTree = "<group>";
		};
		86DDCB0B2F914B0300D186B2 /* Masonry */ = {
			isa = PBXGroup;
			children = (
				86DDCAF22F914B0300D186B2 /* MASCompositeConstraint.h */,
				86DDCAF32F914B0300D186B2 /* MASCompositeConstraint.m */,
				86DDCAF42F914B0300D186B2 /* MASConstraint.h */,
				86DDCAF52F914B0300D186B2 /* MASConstraint.m */,
				86DDCAF62F914B0300D186B2 /* MASConstraint+Private.h */,
				86DDCAF72F914B0300D186B2 /* MASConstraintMaker.h */,
				86DDCAF82F914B0300D186B2 /* MASConstraintMaker.m */,
				86DDCAF92F914B0300D186B2 /* MASLayoutConstraint.h */,
				86DDCAFA2F914B0300D186B2 /* MASLayoutConstraint.m */,
				86DDCAFB2F914B0300D186B2 /* Masonry.h */,
				86DDCAFC2F914B0300D186B2 /* MASUtilities.h */,
				86DDCAFD2F914B0300D186B2 /* MASViewAttribute.h */,
				86DDCAFE2F914B0300D186B2 /* MASViewAttribute.m */,
				86DDCAFF2F914B0300D186B2 /* MASViewConstraint.h */,
				86DDCB002F914B0300D186B2 /* MASViewConstraint.m */,
				86DDCB012F914B0300D186B2 /* NSArray+MASAdditions.h */,
				86DDCB022F914B0300D186B2 /* NSArray+MASAdditions.m */,
				86DDCB032F914B0300D186B2 /* NSArray+MASShorthandAdditions.h */,
				86DDCB042F914B0300D186B2 /* NSLayoutConstraint+MASDebugAdditions.h */,
				86DDCB052F914B0300D186B2 /* NSLayoutConstraint+MASDebugAdditions.m */,
				86DDCB062F914B0300D186B2 /* View+MASAdditions.h */,
				86DDCB072F914B0300D186B2 /* View+MASAdditions.m */,
				86DDCB082F914B0300D186B2 /* View+MASShorthandAdditions.h */,
				86DDCB092F914B0300D186B2 /* ViewController+MASAdditions.h */,
				86DDCB0A2F914B0300D186B2 /* ViewController+MASAdditions.m */,
			);
			path = Masonry;
			sourceTree = "<group>";
		};
		86DDCB0C2F914B0300D186B2 /* SDK */ = {
			isa = PBXGroup;
			children = (
				86DDCB0B2F914B0300D186B2 /* Masonry */,
			);
			path = SDK;
			sourceTree = "<group>";
		};
/* End PBXGroup section */

/* Begin PBXNativeTarget section */
		86C79D4D2F8FEA670026E15C /* Next Reader */ = {
			isa = PBXNativeTarget;
			buildConfigurationList = 86C79D662F8FEA680026E15C /* Build configuration list for PBXNativeTarget "Next Reader" */;
			buildPhases = (
				86C79D4A2F8FEA670026E15C /* Sources */,
				86C79D4B2F8FEA670026E15C /* Frameworks */,
				86C79D4C2F8FEA670026E15C /* Resources */,
			);
			buildRules = (
			);
			dependencies = (
			);
			name = "Next Reader";
			packageProductDependencies = (
			);
			productName = "Next Reader";
			productReference = 86C79D4E2F8FEA670026E15C /* Next Reader.app */;
			productType = "com.apple.product-type.application";
		};
/* End PBXNativeTarget section */

/* Begin PBXProject section */
		86C79D462F8FEA670026E15C /* Project object */ = {
			isa = PBXProject;
			attributes = {
				BuildIndependentTargetsInParallel = 1;
				LastUpgradeCheck = 2640;
				TargetAttributes = {
					86C79D4D2F8FEA670026E15C = {
						CreatedOnToolsVersion = 26.4;
					};
				};
			};
			buildConfigurationList = 86C79D492F8FEA670026E15C /* Build configuration list for PBXProject "Next Reader" */;
			developmentRegion = en;
			hasScannedForEncodings = 0;
			knownRegions = (
				en,
				Base,
			);
			mainGroup = 86C79D452F8FEA670026E15C;
			minimizedProjectReferenceProxies = 1;
			preferredProjectObjectVersion = 77;
			productRefGroup = 86C79D4F2F8FEA670026E15C /* Products */;
			projectDirPath = "";
			projectRoot = "";
			targets = (
				86C79D4D2F8FEA670026E15C /* Next Reader */,
			);
		};
/* End PBXProject section */

/* Begin PBXResourcesBuildPhase section */
		86C79D4C2F8FEA670026E15C /* Resources */ = {
			isa = PBXResourcesBuildPhase;
			buildActionMask = 2147483647;
			files = (
				86DDCAC42F91492200D186B2 /* Assets.xcassets in Resources */,
				86DDCAC62F91492200D186B2 /* LaunchScreen.storyboard in Resources */,
				86DDCAC92F91492200D186B2 /* HYMacro.h in Resources */,
			);
			runOnlyForDeploymentPostprocessing = 0;
		};
/* End PBXResourcesBuildPhase section */

/* Begin PBXSourcesBuildPhase section */
		86C79D4A2F8FEA670026E15C /* Sources */ = {
			isa = PBXSourcesBuildPhase;
			buildActionMask = 2147483647;
			files = (
				86DDCABB2F91492200D186B2 /* HYBaseViewController.m in Sources */,
				8637744E2F94DCBA001B34B5 /* HYCustomTabBarItemView.m in Sources */,
				863774472F94DC14001B34B5 /* HYMainTabBarController.m in Sources */,
				8637741A2F938062001B34B5 /* HYDocumentItem.m in Sources */,
				8637743C2F94AC77001B34B5 /* HYDocumentCacheManager.m in Sources */,
				86DDCABE2F91492200D186B2 /* HYSettingViewController.m in Sources */,
				863774342F94A8E3001B34B5 /* HYDocumentImportManager.m in Sources */,
				86DDCABF2F91492200D186B2 /* UIColor+HYExtension.m in Sources */,
				86DDCAC02F91492200D186B2 /* AppDelegate.m in Sources */,
				8637742B2F9388E2001B34B5 /* HYMarkdownRenderer.m in Sources */,
				86DDCAC12F91492200D186B2 /* main.m in Sources */,
				86DDCB242F91554900D186B2 /* HYBaseNavigationController.m in Sources */,
				86DDCAC22F91492200D186B2 /* SceneDelegate.m in Sources */,
				86DDCAC32F91492200D186B2 /* SplashScreenController.m in Sources */,
				86DDCB0D2F914B0300D186B2 /* MASCompositeConstraint.m in Sources */,
				86DDCB0E2F914B0300D186B2 /* MASConstraint.m in Sources */,
				86DDCB0F2F914B0300D186B2 /* MASConstraintMaker.m in Sources */,
				86DDCB202F914E5C00D186B2 /* HYEmptyView.m in Sources */,
				863774302F9395F2001B34B5 /* HYDocumentListViewController.m in Sources */,
				86DDCB102F914B0300D186B2 /* MASLayoutConstraint.m in Sources */,
				86DDCB112F914B0300D186B2 /* MASViewAttribute.m in Sources */,
				8637743F2F94B6B9001B34B5 /* HYExternalDocumentRouter.m in Sources */,
				86DDCB122F914B0300D186B2 /* MASViewConstraint.m in Sources */,
				863774422F94DB87001B34B5 /* HYTabPlaceholderViewController.m in Sources */,
				86DDCB132F914B0300D186B2 /* NSArray+MASAdditions.m in Sources */,
				863774512F94DD0E001B34B5 /* HYCustomTabBarView.m in Sources */,
				86DDCB142F914B0300D186B2 /* NSLayoutConstraint+MASDebugAdditions.m in Sources */,
				86DDCB1D2F914E3D00D186B2 /* HYToastView.m in Sources */,
				863774292F9388E2001B34B5 /* HYTextReaderView.m in Sources */,
				86DDCB152F914B0300D186B2 /* View+MASAdditions.m in Sources */,
				863774392F94AC77001B34B5 /* HYAsyncTaskManager.m in Sources */,
				863774232F9380A6001B34B5 /* HYDocumentListCell.m in Sources */,
				86DDCB162F914B0300D186B2 /* ViewController+MASAdditions.m in Sources */,
				8637744B2F94DC3C001B34B5 /* HYCustomTabBarBackgroundView.m in Sources */,
				863774212F9380A6001B34B5 /* HYDocumentPreviewViewController.m in Sources */,
				8637741E2F9380A6001B34B5 /* HYFileManagerService.m in Sources */,
				86DDCB1A2F914E1B00D186B2 /* HYLoadingView.m in Sources */,
			);
			runOnlyForDeploymentPostprocessing = 0;
		};
/* End PBXSourcesBuildPhase section */

/* Begin PBXVariantGroup section */
		86DDCAB22F91492200D186B2 /* LaunchScreen.storyboard */ = {
			isa = PBXVariantGroup;
			children = (
				86DDCAB12F91492200D186B2 /* Base */,
			);
			name = LaunchScreen.storyboard;
			sourceTree = "<group>";
		};
		86DDCAB52F91492200D186B2 /* Main.storyboard */ = {
			isa = PBXVariantGroup;
			children = (
				86DDCAB42F91492200D186B2 /* Base */,
			);
			name = Main.storyboard;
			sourceTree = "<group>";
		};
/* End PBXVariantGroup section */

/* Begin XCBuildConfiguration section */
		86C79D672F8FEA680026E15C /* Debug */ = {
			isa = XCBuildConfiguration;
			buildSettings = {
				ASSETCATALOG_COMPILER_APPICON_NAME = AppIcon;
				ASSETCATALOG_COMPILER_GLOBAL_ACCENT_COLOR_NAME = AccentColor;
				CODE_SIGN_STYLE = Automatic;
				CURRENT_PROJECT_VERSION = 1;
				DEVELOPMENT_TEAM = 3SAAZZPM76;
				GCC_PRECOMPILE_PREFIX_HEADER = YES;
				GCC_PREFIX_HEADER = "$(SRCROOT)/Next Reader/PrefixHeader.pch";
				GENERATE_INFOPLIST_FILE = YES;
				INFOPLIST_FILE = "Next Reader/Info.plist";
				INFOPLIST_KEY_UIApplicationSupportsIndirectInputEvents = YES;
				INFOPLIST_KEY_UILaunchStoryboardName = LaunchScreen;
				INFOPLIST_KEY_UISupportedInterfaceOrientations_iPad = "UIInterfaceOrientationPortrait UIInterfaceOrientationPortraitUpsideDown UIInterfaceOrientationLandscapeLeft UIInterfaceOrientationLandscapeRight";
				INFOPLIST_KEY_UISupportedInterfaceOrientations_iPhone = "UIInterfaceOrientationPortrait UIInterfaceOrientationLandscapeLeft UIInterfaceOrientationLandscapeRight";
				LD_RUNPATH_SEARCH_PATHS = (
					"$(inherited)",
					"@executable_path/Frameworks",
				);
				MARKETING_VERSION = 1.0;
				PRODUCT_BUNDLE_IDENTIFIER = "com.lgc.Next-Reader";
				PRODUCT_NAME = "$(TARGET_NAME)";
				STRING_CATALOG_GENERATE_SYMBOLS = YES;
				SWIFT_EMIT_LOC_STRINGS = YES;
				TARGETED_DEVICE_FAMILY = "1,2";
			};
			name = Debug;
		};
		86C79D682F8FEA680026E15C /* Release */ = {
			isa = XCBuildConfiguration;
			buildSettings = {
				ASSETCATALOG_COMPILER_APPICON_NAME = AppIcon;
				ASSETCATALOG_COMPILER_GLOBAL_ACCENT_COLOR_NAME = AccentColor;
				CODE_SIGN_STYLE = Automatic;
				CURRENT_PROJECT_VERSION = 1;
				DEVELOPMENT_TEAM = 3SAAZZPM76;
				GCC_PRECOMPILE_PREFIX_HEADER = YES;
				GCC_PREFIX_HEADER = "$(SRCROOT)/Next Reader/PrefixHeader.pch";
				GENERATE_INFOPLIST_FILE = YES;
				INFOPLIST_FILE = "Next Reader/Info.plist";
				INFOPLIST_KEY_UIApplicationSupportsIndirectInputEvents = YES;
				INFOPLIST_KEY_UILaunchStoryboardName = LaunchScreen;
				INFOPLIST_KEY_UISupportedInterfaceOrientations_iPad = "UIInterfaceOrientationPortrait UIInterfaceOrientationPortraitUpsideDown UIInterfaceOrientationLandscapeLeft UIInterfaceOrientationLandscapeRight";
				INFOPLIST_KEY_UISupportedInterfaceOrientations_iPhone = "UIInterfaceOrientationPortrait UIInterfaceOrientationLandscapeLeft UIInterfaceOrientationLandscapeRight";
				LD_RUNPATH_SEARCH_PATHS = (
					"$(inherited)",
					"@executable_path/Frameworks",
				);
				MARKETING_VERSION = 1.0;
				PRODUCT_BUNDLE_IDENTIFIER = "com.lgc.Next-Reader";
				PRODUCT_NAME = "$(TARGET_NAME)";
				STRING_CATALOG_GENERATE_SYMBOLS = YES;
				SWIFT_EMIT_LOC_STRINGS = YES;
				TARGETED_DEVICE_FAMILY = "1,2";
			};
			name = Release;
		};
		86C79D692F8FEA680026E15C /* Debug */ = {
			isa = XCBuildConfiguration;
			buildSettings = {
				ALWAYS_SEARCH_USER_PATHS = NO;
				ASSETCATALOG_COMPILER_GENERATE_SWIFT_ASSET_SYMBOL_EXTENSIONS = YES;
				CLANG_ANALYZER_NONNULL = YES;
				CLANG_ANALYZER_NUMBER_OBJECT_CONVERSION = YES_AGGRESSIVE;
				CLANG_CXX_LANGUAGE_STANDARD = "gnu++20";
				CLANG_ENABLE_MODULES = YES;
				CLANG_ENABLE_OBJC_ARC = YES;
				CLANG_ENABLE_OBJC_WEAK = YES;
				CLANG_WARN_BLOCK_CAPTURE_AUTORELEASING = YES;
				CLANG_WARN_BOOL_CONVERSION = YES;
				CLANG_WARN_COMMA = YES;
				CLANG_WARN_CONSTANT_CONVERSION = YES;
				CLANG_WARN_DEPRECATED_OBJC_IMPLEMENTATIONS = YES;
				CLANG_WARN_DIRECT_OBJC_ISA_USAGE = YES_ERROR;
				CLANG_WARN_DOCUMENTATION_COMMENTS = YES;
				CLANG_WARN_EMPTY_BODY = YES;
				CLANG_WARN_ENUM_CONVERSION = YES;
				CLANG_WARN_INFINITE_RECURSION = YES;
				CLANG_WARN_INT_CONVERSION = YES;
				CLANG_WARN_NON_LITERAL_NULL_CONVERSION = YES;
				CLANG_WARN_OBJC_IMPLICIT_RETAIN_SELF = YES;
				CLANG_WARN_OBJC_LITERAL_CONVERSION = YES;
				CLANG_WARN_OBJC_ROOT_CLASS = YES_ERROR;
				CLANG_WARN_QUOTED_INCLUDE_IN_FRAMEWORK_HEADER = YES;
				CLANG_WARN_RANGE_LOOP_ANALYSIS = YES;
				CLANG_WARN_STRICT_PROTOTYPES = YES;
				CLANG_WARN_SUSPICIOUS_MOVE = YES;
				CLANG_WARN_UNGUARDED_AVAILABILITY = YES_AGGRESSIVE;
				CLANG_WARN_UNREACHABLE_CODE = YES;
				CLANG_WARN__DUPLICATE_METHOD_MATCH = YES;
				COPY_PHASE_STRIP = NO;
				DEBUG_INFORMATION_FORMAT = dwarf;
				DEVELOPMENT_TEAM = 3SAAZZPM76;
				ENABLE_STRICT_OBJC_MSGSEND = YES;
				ENABLE_TESTABILITY = YES;
				ENABLE_USER_SCRIPT_SANDBOXING = YES;
				GCC_C_LANGUAGE_STANDARD = gnu17;
				GCC_DYNAMIC_NO_PIC = NO;
				GCC_NO_COMMON_BLOCKS = YES;
				GCC_OPTIMIZATION_LEVEL = 0;
				GCC_PREPROCESSOR_DEFINITIONS = (
					"DEBUG=1",
					"$(inherited)",
				);
				GCC_WARN_64_TO_32_BIT_CONVERSION = YES;
				GCC_WARN_ABOUT_RETURN_TYPE = YES_ERROR;
				GCC_WARN_UNDECLARED_SELECTOR = YES;
				GCC_WARN_UNINITIALIZED_AUTOS = YES_AGGRESSIVE;
				GCC_WARN_UNUSED_FUNCTION = YES;
				GCC_WARN_UNUSED_VARIABLE = YES;
				IPHONEOS_DEPLOYMENT_TARGET = 12.0;
				LOCALIZATION_PREFERS_STRING_CATALOGS = YES;
				MTL_ENABLE_DEBUG_INFO = INCLUDE_SOURCE;
				MTL_FAST_MATH = YES;
				ONLY_ACTIVE_ARCH = YES;
				SDKROOT = iphoneos;
			};
			name = Debug;
		};
		86C79D6A2F8FEA680026E15C /* Release */ = {
			isa = XCBuildConfiguration;
			buildSettings = {
				ALWAYS_SEARCH_USER_PATHS = NO;
				ASSETCATALOG_COMPILER_GENERATE_SWIFT_ASSET_SYMBOL_EXTENSIONS = YES;
				CLANG_ANALYZER_NONNULL = YES;
				CLANG_ANALYZER_NUMBER_OBJECT_CONVERSION = YES_AGGRESSIVE;
				CLANG_CXX_LANGUAGE_STANDARD = "gnu++20";
				CLANG_ENABLE_MODULES = YES;
				CLANG_ENABLE_OBJC_ARC = YES;
				CLANG_ENABLE_OBJC_WEAK = YES;
				CLANG_WARN_BLOCK_CAPTURE_AUTORELEASING = YES;
				CLANG_WARN_BOOL_CONVERSION = YES;
				CLANG_WARN_COMMA = YES;
				CLANG_WARN_CONSTANT_CONVERSION = YES;
				CLANG_WARN_DEPRECATED_OBJC_IMPLEMENTATIONS = YES;
				CLANG_WARN_DIRECT_OBJC_ISA_USAGE = YES_ERROR;
				CLANG_WARN_DOCUMENTATION_COMMENTS = YES;
				CLANG_WARN_EMPTY_BODY = YES;
				CLANG_WARN_ENUM_CONVERSION = YES;
				CLANG_WARN_INFINITE_RECURSION = YES;
				CLANG_WARN_INT_CONVERSION = YES;
				CLANG_WARN_NON_LITERAL_NULL_CONVERSION = YES;
				CLANG_WARN_OBJC_IMPLICIT_RETAIN_SELF = YES;
				CLANG_WARN_OBJC_LITERAL_CONVERSION = YES;
				CLANG_WARN_OBJC_ROOT_CLASS = YES_ERROR;
				CLANG_WARN_QUOTED_INCLUDE_IN_FRAMEWORK_HEADER = YES;
				CLANG_WARN_RANGE_LOOP_ANALYSIS = YES;
				CLANG_WARN_STRICT_PROTOTYPES = YES;
				CLANG_WARN_SUSPICIOUS_MOVE = YES;
				CLANG_WARN_UNGUARDED_AVAILABILITY = YES_AGGRESSIVE;
				CLANG_WARN_UNREACHABLE_CODE = YES;
				CLANG_WARN__DUPLICATE_METHOD_MATCH = YES;
				COPY_PHASE_STRIP = NO;
				DEBUG_INFORMATION_FORMAT = "dwarf-with-dsym";
				DEVELOPMENT_TEAM = 3SAAZZPM76;
				ENABLE_NS_ASSERTIONS = NO;
				ENABLE_STRICT_OBJC_MSGSEND = YES;
				ENABLE_USER_SCRIPT_SANDBOXING = YES;
				GCC_C_LANGUAGE_STANDARD = gnu17;
				GCC_NO_COMMON_BLOCKS = YES;
				GCC_WARN_64_TO_32_BIT_CONVERSION = YES;
				GCC_WARN_ABOUT_RETURN_TYPE = YES_ERROR;
				GCC_WARN_UNDECLARED_SELECTOR = YES;
				GCC_WARN_UNINITIALIZED_AUTOS = YES_AGGRESSIVE;
				GCC_WARN_UNUSED_FUNCTION = YES;
				GCC_WARN_UNUSED_VARIABLE = YES;
				IPHONEOS_DEPLOYMENT_TARGET = 12.0;
				LOCALIZATION_PREFERS_STRING_CATALOGS = YES;
				MTL_ENABLE_DEBUG_INFO = NO;
				MTL_FAST_MATH = YES;
				SDKROOT = iphoneos;
				VALIDATE_PRODUCT = YES;
			};
			name = Release;
		};
/* End XCBuildConfiguration section */

/* Begin XCConfigurationList section */
		86C79D492F8FEA670026E15C /* Build configuration list for PBXProject "Next Reader" */ = {
			isa = XCConfigurationList;
			buildConfigurations = (
				86C79D692F8FEA680026E15C /* Debug */,
				86C79D6A2F8FEA680026E15C /* Release */,
			);
			defaultConfigurationIsVisible = 0;
			defaultConfigurationName = Release;
		};
		86C79D662F8FEA680026E15C /* Build configuration list for PBXNativeTarget "Next Reader" */ = {
			isa = XCConfigurationList;
			buildConfigurations = (
				86C79D672F8FEA680026E15C /* Debug */,
				86C79D682F8FEA680026E15C /* Release */,
			);
			defaultConfigurationIsVisible = 0;
			defaultConfigurationName = Release;
		};
/* End XCConfigurationList section */
	};
	rootObject = 86C79D462F8FEA670026E15C /* Project object */;
}
